{
  "nodes": {
    "nixpkgs": {
      "locked": {
        "lastModified": 1668681245,
        "narHash": "sha256-IH8t+b9hCfNwEvdC55UEymn8jL457Fo/hx3N/kNTZso=",
        "owner": "NixOS",
        "repo": "nixpkgs",
        "rev": "bd4bfd814e96488febb38b4b4d0549c56b840c7f",
        "type": "github"
      },
      "original": {
        "owner": "NixOS",
        "ref": "nixpkgs-unstable",
        "repo": "nixpkgs",
        "type": "github"
      }
    },
    "nixpkgs-22_05": {
      "locked": {
        "lastModified": 1668307144,
        "narHash": "sha256-uY2StvGJvTfgtLaiz3uvX+EQeWZDkiLFiz2vekgJ9ZE=",
        "owner": "NixOS",
        "repo": "nixpkgs",
        "rev": "eac99848dfd869e486573d8272b0c10729675ca2",
        "type": "github"
      },
      "original": {
        "owner": "NixOS",
        "ref": "release-22.05",
        "repo": "nixpkgs",
        "type": "github"
      }
    },
    "root": {
      "inputs": {
        "nixpkgs": "nixpkgs",
        "sops-nix": "sops-nix"
      }
    },
    "sops-nix": {
      "inputs": {
        "nixpkgs": [
          "nixpkgs"
        ],
        "nixpkgs-22_05": "nixpkgs-22_05"
      },
      "locked": {
        "lastModified": 1668311578,
        "narHash": "sha256-nF6mwSbVyvnlIICWFZlADegWdTsgrk1pZnA/0VqByNw=",
        "owner": "Mic92",
        "repo": "sops-nix",
        "rev": "39f0fe57f1ef78764c1abc1de145f091fee1bbbb",
        "type": "github"
      },
      "original": {
        "owner": "Mic92",
        "repo": "sops-nix",
        "type": "github"
      }
    }
  },
  "root": "root",
  "version": 7
}
